
Microsoft Visual Studio Solution File, Format Version 12.00
# Visual Studio Version 17
VisualStudioVersion = 17.10.34928.147
MinimumVisualStudioVersion = 10.0.40219.1
Project("{FAE04EC0-301F-11D3-BF4B-00C04F79EFBC}") = "Projeto_FIAP_Menu", "Projeto_FIAP_Menu\Projeto_FIAP_Menu.csproj", "{3A677F1C-F3EE-4B49-B4FB-F599A6D21D3C}"
EndProject
Global
	GlobalSection(SolutionConfigurationPlatforms) = preSolution
		Debug|Any CPU = Debug|Any CPU
		Release|Any CPU = Release|Any CPU
	EndGlobalSection
	GlobalSection(ProjectConfigurationPlatforms) = postSolution
		{3A677F1C-F3EE-4B49-B4FB-F599A6D21D3C}.Debug|Any CPU.ActiveCfg = Debug|Any CPU
		{3A677F1C-F3EE-4B49-B4FB-F599A6D21D3C}.Debug|Any CPU.Build.0 = Debug|Any CPU
		{3A677F1C-F3EE-4B49-B4FB-F599A6D21D3C}.Release|Any CPU.ActiveCfg = Release|Any CPU
		{3A677F1C-F3EE-4B49-B4FB-F599A6D21D3C}.Release|Any CPU.Build.0 = Release|Any CPU
	EndGlobalSection
	GlobalSection(SolutionProperties) = preSolution
		HideSolutionNode = FALSE
	EndGlobalSection
	GlobalSection(ExtensibilityGlobals) = postSolution
		SolutionGuid = {6EE7D40F-7167-4C3D-ABCD-5EA5B6C3652D}
	EndGlobalSection
EndGlobal
